{
  "name": "ShchoolEye",
  "lockfileVersion": 3,
  "requires": true,
  "packages": {
    "": {
      "dependencies": {
        "apexcharts": "^5.15.2"
      }
    },
    "node_modules/apexcharts": {
      "version": "5.15.2",
      "resolved": "https://registry.npmjs.org/apexcharts/-/apexcharts-5.15.2.tgz",
      "integrity": "sha512-qbd+ehDiRxo++wAqaGLmJcd683ktulTqoku4WYYyQ3XOgJIn4yhOQGV27KcdK7c2yhwxblyh4mgMm8ukI0wC0Q==",
      "license": "SEE LICENSE IN LICENSE"
    }
  }
}
